// !$*UTF8*$!
{
	archiveVersion = 1;
	classes = {
	};
	objectVersion = 50;
	objects = {

/* Begin PBXBuildFile section */
		CC3900B5230D6321000C0BBC /* AppDelegate.swift in Sources */ = {isa = PBXBuildFile; fileRef = CC3900B4230D6321000C0BBC /* AppDelegate.swift */; };
		CC3900B7230D6321000C0BBC /* ViewController.swift in Sources */ = {isa = PBXBuildFile; fileRef = CC3900B6230D6321000C0BBC /* ViewController.swift */; };
		CC3900BA230D6321000C0BBC /* Main.storyboard in Resources */ = {isa = PBXBuildFile; fileRef = CC3900B8230D6321000C0BBC /* Main.storyboard */; };
		CC3900BC230D6324000C0BBC /* Assets.xcassets in Resources */ = {isa = PBXBuildFile; fileRef = CC3900BB230D6324000C0BBC /* Assets.xcassets */; };
		CC3900BF230D6324000C0BBC /* LaunchScreen.storyboard in Resources */ = {isa = PBXBuildFile; fileRef = CC3900BD230D6324000C0BBC /* LaunchScreen.storyboard */; };
		CC3900C8230D85C0000C0BBC /* WebViewController.swift in Sources */ = {isa = PBXBuildFile; fileRef = CC3900C7230D85C0000C0BBC /* WebViewController.swift */; };
		CC3900CE230D979F000C0BBC /* WebView.storyboard in Resources */ = {isa = PBXBuildFile; fileRef = CC3900CD230D979F000C0BBC /* WebView.storyboard */; };
/* End PBXBuildFile section */

/* Begin PBXFileReference section */
		CC3900B1230D6321000C0BBC /* UI_internalWebVC.app */ = {isa = PBXFileReference; explicitFileType = wrapper.application; includeInIndex = 0; path = UI_internalWebVC.app; sourceTree = BUILT_PRODUCTS_DIR; };
		CC3900B4230D6321000C0BBC /* AppDelegate.swift */ = {isa = PBXFileReference; lastKnownFileType = sourcecode.swift; path = AppDelegate.swift; sourceTree = "<group>"; };
		CC3900B6230D6321000C0BBC /* ViewController.swift */ = {isa = PBXFileReference; lastKnownFileType = sourcecode.swift; path = ViewController.swift; sourceTree = "<group>"; };
		CC3900B9230D6321000C0BBC /* Base */ = {isa = PBXFileReference; lastKnownFileType = file.storyboard; name = Base; path = Base.lproj/Main.storyboard; sourceTree = "<group>"; };
		CC3900BB230D6324000C0BBC /* Assets.xcassets */ = {isa = PBXFileReference; lastKnownFileType = folder.assetcatalog; path = Assets.xcassets; sourceTree = "<group>"; };
		CC3900BE230D6324000C0BBC /* Base */ = {isa = PBXFileReference; lastKnownFileType = file.storyboard; name = Base; path = Base.lproj/LaunchScreen.storyboard; sourceTree = "<group>"; };
		CC3900C0230D6324000C0BBC /* Info.plist */ = {isa = PBXFileReference; lastKnownFileType = text.plist.xml; path = Info.plist; sourceTree = "<group>"; };
		CC3900C7230D85C0000C0BBC /* WebViewController.swift */ = {isa = PBXFileReference; lastKnownFileType = sourcecode.swift; path = WebViewController.swift; sourceTree = "<group>"; };
		CC3900CD230D979F000C0BBC /* WebView.storyboard */ = {isa = PBXFileReference; lastKnownFileType = file.storyboard; path = WebView.storyboard; sourceTree = "<group>"; };
/* End PBXFileReference section */

/* Begin PBXFrameworksBuildPhase section */
		CC3900AE230D6321000C0BBC /* Frameworks */ = {
			isa = PBXFrameworksBuildPhase;
			buildActionMask = 2147483647;
			files = (
			);
			runOnlyForDeploymentPostprocessing = 0;
		};
/* End PBXFrameworksBuildPhase section */

/* Begin PBXGroup section */
		CC3900A8230D6321000C0BBC = {
			isa = PBXGroup;
			children = (
				CC3900B3230D6321000C0BBC /* UI_internalWebVC */,
				CC3900B2230D6321000C0BBC /* Products */,
			);
			sourceTree = "<group>";
		};
		CC3900B2230D6321000C0BBC /* Products */ = {
			isa = PBXGroup;
			children = (
				CC3900B1230D6321000C0BBC /* UI_internalWebVC.app */,
			);
			name = Products;
			sourceTree = "<group>";
		};
		CC3900B3230D6321000C0BBC /* UI_internalWebVC */ = {
			isa = PBXGroup;
			children = (
				CC3900C6230D85AB000C0BBC /* WebVC */,
				CC3900B4230D6321000C0BBC /* AppDelegate.swift */,
				CC3900B6230D6321000C0BBC /* ViewController.swift */,
				CC3900B8230D6321000C0BBC /* Main.storyboard */,
				CC3900BB230D6324000C0BBC /* Assets.xcassets */,
				CC3900BD230D6324000C0BBC /* LaunchScreen.storyboard */,
				CC3900C0230D6324000C0BBC /* Info.plist */,
			);
			path = UI_internalWebVC;
			sourceTree = "<group>";
		};
		CC3900C6230D85AB000C0BBC /* WebVC */ = {
			isa = PBXGroup;
			children = (
				CC3900C7230D85C0000C0BBC /* WebViewController.swift */,
				CC3900CD230D979F000C0BBC /* WebView.storyboard */,
			);
			path = WebVC;
			sourceTree = "<group>";
		};
/* End PBXGroup section */

/* Begin PBXNativeTarget section */
		CC3900B0230D6321000C0BBC /* UI_internalWebVC */ = {
			isa = PBXNativeTarget;
			buildConfigurationList = CC3900C3230D6324000C0BBC /* Build configuration list for PBXNativeTarget "UI_internalWebVC" */;
			buildPhases = (
				CC3900AD230D6321000C0BBC /* Sources */,
				CC3900AE230D6321000C0BBC /* Frameworks */,
				CC3900AF230D6321000C0BBC /* Resources */,
			);
			buildRules = (
			);
			dependencies = (
			);
			name = UI_internalWebVC;
			productName = UI_internalWebVC;
			productReference = CC3900B1230D6321000C0BBC /* UI_internalWebVC.app */;
			productType = "com.apple.product-type.application";
		};
/* End PBXNativeTarget section */

/* Begin PBXProject section */
		CC3900A9230D6321000C0BBC /* Project object */ = {
			isa = PBXProject;
			attributes = {
				LastSwiftUpdateCheck = 1020;
				LastUpgradeCheck = 1020;
				ORGANIZATIONNAME = itomych;
				TargetAttributes = {
					CC3900B0230D6321000C0BBC = {
						CreatedOnToolsVersion = 10.2;
					};
				};
			};
			buildConfigurationList = CC3900AC230D6321000C0BBC /* Build configuration list for PBXProject "UI_internalWebVC" */;
			compatibilityVersion = "Xcode 9.3";
			developmentRegion = en;
			hasScannedForEncodings = 0;
			knownRegions = (
				en,
				Base,
			);
			mainGroup = CC3900A8230D6321000C0BBC;
			productRefGroup = CC3900B2230D6321000C0BBC /* Products */;
			projectDirPath = "";
			projectRoot = "";
			targets = (
				CC3900B0230D6321000C0BBC /* UI_internalWebVC */,
			);
		};
/* End PBXProject section */

/* Begin PBXResourcesBuildPhase section */
		CC3900AF230D6321000C0BBC /* Resources */ = {
			isa = PBXResourcesBuildPhase;
			buildActionMask = 2147483647;
			files = (
				CC3900CE230D979F000C0BBC /* WebView.storyboard in Resources */,
				CC3900BF230D6324000C0BBC /* LaunchScreen.storyboard in Resources */,
				CC3900BC230D6324000C0BBC /* Assets.xcassets in Resources */,
				CC3900BA230D6321000C0BBC /* Main.storyboard in Resources */,
			);
			runOnlyForDeploymentPostprocessing = 0;
		};
/* End PBXResourcesBuildPhase section */

/* Begin PBXSourcesBuildPhase section */
		CC3900AD230D6321000C0BBC /* Sources */ = {
			isa = PBXSourcesBuildPhase;
			buildActionMask = 2147483647;
			files = (
				CC3900B7230D6321000C0BBC /* ViewController.swift in Sources */,
				CC3900C8230D85C0000C0BBC /* WebViewController.swift in Sources */,
				CC3900B5230D6321000C0BBC /* AppDelegate.swift in Sources */,
			);
			runOnlyForDeploymentPostprocessing = 0;
		};
/* End PBXSourcesBuildPhase section */

/* Begin PBXVariantGroup section */
		CC3900B8230D6321000C0BBC /* Main.storyboard */ = {
			isa = PBXVariantGroup;
			children = (
				CC3900B9230D6321000C0BBC /* Base */,
			);
			name = Main.storyboard;
			sourceTree = "<group>";
		};
		CC3900BD230D6324000C0BBC /* LaunchScreen.storyboard */ = {
			isa = PBXVariantGroup;
			children = (
				CC3900BE230D6324000C0BBC /* Base */,
			);
			name = LaunchScreen.storyboard;
			sourceTree = "<group>";
		};
/* End PBXVariantGroup section */

/* Begin XCBuildConfiguration section */
		CC3900C1230D6324000C0BBC /* Debug */ = {
			isa = XCBuildConfiguration;
			buildSettings = {
				ALWAYS_SEARCH_USER_PATHS = NO;
				CLANG_ANALYZER_NONNULL = YES;
				CLANG_ANALYZER_NUMBER_OBJECT_CONVERSION = YES_AGGRESSIVE;
				CLANG_CXX_LANGUAGE_STANDARD = "gnu++14";
				CLANG_CXX_LIBRARY = "libc++";
				CLANG_ENABLE_MODULES = YES;
				CLANG_ENABLE_OBJC_ARC = YES;
				CLANG_ENABLE_OBJC_WEAK = YES;
				CLANG_WARN_BLOCK_CAPTURE_AUTORELEASING = YES;
				CLANG_WARN_BOOL_CONVERSION = YES;
				CLANG_WARN_COMMA = YES;
				CLANG_WARN_CONSTANT_CONVERSION = YES;
				CLANG_WARN_DEPRECATED_OBJC_IMPLEMENTATIONS = YES;
				CLANG_WARN_DIRECT_OBJC_ISA_USAGE = YES_ERROR;
				CLANG_WARN_DOCUMENTATION_COMMENTS = YES;
				CLANG_WARN_EMPTY_BODY = YES;
				CLANG_WARN_ENUM_CONVERSION = YES;
				CLANG_WARN_INFINITE_RECURSION = YES;
				CLANG_WARN_INT_CONVERSION = YES;
				CLANG_WARN_NON_LITERAL_NULL_CONVERSION = YES;
				CLANG_WARN_OBJC_IMPLICIT_RETAIN_SELF = YES;
				CLANG_WARN_OBJC_LITERAL_CONVERSION = YES;
				CLANG_WARN_OBJC_ROOT_CLASS = YES_ERROR;
				CLANG_WARN_RANGE_LOOP_ANALYSIS = YES;
				CLANG_WARN_STRICT_PROTOTYPES = YES;
				CLANG_WARN_SUSPICIOUS_MOVE = YES;
				CLANG_WARN_UNGUARDED_AVAILABILITY = YES_AGGRESSIVE;
				CLANG_WARN_UNREACHABLE_CODE = YES;
				CLANG_WARN__DUPLICATE_METHOD_MATCH = YES;
				CODE_SIGN_IDENTITY = "iPhone Developer";
				COPY_PHASE_STRIP = NO;
				DEBUG_INFORMATION_FORMAT = dwarf;
				ENABLE_STRICT_OBJC_MSGSEND = YES;
				ENABLE_TESTABILITY = YES;
				GCC_C_LANGUAGE_STANDARD = gnu11;
				GCC_DYNAMIC_NO_PIC = NO;
				GCC_NO_COMMON_BLOCKS = YES;
				GCC_OPTIMIZATION_LEVEL = 0;
				GCC_PREPROCESSOR_DEFINITIONS = (
					"DEBUG=1",
					"$(inherited)",
				);
				GCC_WARN_64_TO_32_BIT_CONVERSION = YES;
				GCC_WARN_ABOUT_RETURN_TYPE = YES_ERROR;
				GCC_WARN_UNDECLARED_SELECTOR = YES;
				GCC_WARN_UNINITIALIZED_AUTOS = YES_AGGRESSIVE;
				GCC_WARN_UNUSED_FUNCTION = YES;
				GCC_WARN_UNUSED_VARIABLE = YES;
				IPHONEOS_DEPLOYMENT_TARGET = 12.2;
				MTL_ENABLE_DEBUG_INFO = INCLUDE_SOURCE;
				MTL_FAST_MATH = YES;
				ONLY_ACTIVE_ARCH = YES;
				SDKROOT = iphoneos;
				SWIFT_ACTIVE_COMPILATION_CONDITIONS = DEBUG;
				SWIFT_OPTIMIZATION_LEVEL = "-Onone";
			};
			name = Debug;
		};
		CC3900C2230D6324000C0BBC /* Release */ = {
			isa = XCBuildConfiguration;
			buildSettings = {
				ALWAYS_SEARCH_USER_PATHS = NO;
				CLANG_ANALYZER_NONNULL = YES;
				CLANG_ANALYZER_NUMBER_OBJECT_CONVERSION = YES_AGGRESSIVE;
				CLANG_CXX_LANGUAGE_STANDARD = "gnu++14";
				CLANG_CXX_LIBRARY = "libc++";
				CLANG_ENABLE_MODULES = YES;
				CLANG_ENABLE_OBJC_ARC = YES;
				CLANG_ENABLE_OBJC_WEAK = YES;
				CLANG_WARN_BLOCK_CAPTURE_AUTORELEASING = YES;
				CLANG_WARN_BOOL_CONVERSION = YES;
				CLANG_WARN_COMMA = YES;
				CLANG_WARN_CONSTANT_CONVERSION = YES;
				CLANG_WARN_DEPRECATED_OBJC_IMPLEMENTATIONS = YES;
				CLANG_WARN_DIRECT_OBJC_ISA_USAGE = YES_ERROR;
				CLANG_WARN_DOCUMENTATION_COMMENTS = YES;
				CLANG_WARN_EMPTY_BODY = YES;
				CLANG_WARN_ENUM_CONVERSION = YES;
				CLANG_WARN_INFINITE_RECURSION = YES;
				CLANG_WARN_INT_CONVERSION = YES;
				CLANG_WARN_NON_LITERAL_NULL_CONVERSION = YES;
				CLANG_WARN_OBJC_IMPLICIT_RETAIN_SELF = YES;
				CLANG_WARN_OBJC_LITERAL_CONVERSION = YES;
				CLANG_WARN_OBJC_ROOT_CLASS = YES_ERROR;
				CLANG_WARN_RANGE_LOOP_ANALYSIS = YES;
				CLANG_WARN_STRICT_PROTOTYPES = YES;
				CLANG_WARN_SUSPICIOUS_MOVE = YES;
				CLANG_WARN_UNGUARDED_AVAILABILITY = YES_AGGRESSIVE;
				CLANG_WARN_UNREACHABLE_CODE = YES;
				CLANG_WARN__DUPLICATE_METHOD_MATCH = YES;
				CODE_SIGN_IDENTITY = "iPhone Developer";
				COPY_PHASE_STRIP = NO;
				DEBUG_INFORMATION_FORMAT = "dwarf-with-dsym";
				ENABLE_NS_ASSERTIONS = NO;
				ENABLE_STRICT_OBJC_MSGSEND = YES;
				GCC_C_LANGUAGE_STANDARD = gnu11;
				GCC_NO_COMMON_BLOCKS = YES;
				GCC_WARN_64_TO_32_BIT_CONVERSION = YES;
				GCC_WARN_ABOUT_RETURN_TYPE = YES_ERROR;
				GCC_WARN_UNDECLARED_SELECTOR = YES;
				GCC_WARN_UNINITIALIZED_AUTOS = YES_AGGRESSIVE;
				GCC_WARN_UNUSED_FUNCTION = YES;
				GCC_WARN_UNUSED_VARIABLE = YES;
				IPHONEOS_DEPLOYMENT_TARGET = 12.2;
				MTL_ENABLE_DEBUG_INFO = NO;
				MTL_FAST_MATH = YES;
				SDKROOT = iphoneos;
				SWIFT_COMPILATION_MODE = wholemodule;
				SWIFT_OPTIMIZATION_LEVEL = "-O";
				VALIDATE_PRODUCT = YES;
			};
			name = Release;
		};
		CC3900C4230D6324000C0BBC /* Debug */ = {
			isa = XCBuildConfiguration;
			buildSettings = {
				ASSETCATALOG_COMPILER_APPICON_NAME = AppIcon;
				CODE_SIGN_STYLE = Automatic;
				DEVELOPMENT_TEAM = KFZ28KXC39;
				INFOPLIST_FILE = UI_internalWebVC/Info.plist;
				LD_RUNPATH_SEARCH_PATHS = (
					"$(inherited)",
					"@executable_path/Frameworks",
				);
				PRODUCT_BUNDLE_IDENTIFIER = "itomych.ux.webvc.UI-internalWebVC";
				PRODUCT_NAME = "$(TARGET_NAME)";
				SWIFT_VERSION = 5.0;
				TARGETED_DEVICE_FAMILY = "1,2";
			};
			name = Debug;
		};
		CC3900C5230D6324000C0BBC /* Release */ = {
			isa = XCBuildConfiguration;
			buildSettings = {
				ASSETCATALOG_COMPILER_APPICON_NAME = AppIcon;
				CODE_SIGN_STYLE = Automatic;
				DEVELOPMENT_TEAM = KFZ28KXC39;
				INFOPLIST_FILE = UI_internalWebVC/Info.plist;
				LD_RUNPATH_SEARCH_PATHS = (
					"$(inherited)",
					"@executable_path/Frameworks",
				);
				PRODUCT_BUNDLE_IDENTIFIER = "itomych.ux.webvc.UI-internalWebVC";
				PRODUCT_NAME = "$(TARGET_NAME)";
				SWIFT_VERSION = 5.0;
				TARGETED_DEVICE_FAMILY = "1,2";
			};
			name = Release;
		};
/* End XCBuildConfiguration section */

/* Begin XCConfigurationList section */
		CC3900AC230D6321000C0BBC /* Build configuration list for PBXProject "UI_internalWebVC" */ = {
			isa = XCConfigurationList;
			buildConfigurations = (
				CC3900C1230D6324000C0BBC /* Debug */,
				CC3900C2230D6324000C0BBC /* Release */,
			);
			defaultConfigurationIsVisible = 0;
			defaultConfigurationName = Release;
		};
		CC3900C3230D6324000C0BBC /* Build configuration list for PBXNativeTarget "UI_internalWebVC" */ = {
			isa = XCConfigurationList;
			buildConfigurations = (
				CC3900C4230D6324000C0BBC /* Debug */,
				CC3900C5230D6324000C0BBC /* Release */,
			);
			defaultConfigurationIsVisible = 0;
			defaultConfigurationName = Release;
		};
/* End XCConfigurationList section */
	};
	rootObject = CC3900A9230D6321000C0BBC /* Project object */;
}
